
Microsoft Visual Studio Solution File, Format Version 12.00
# Visual Studio Version 17
VisualStudioVersion = 17.0.32112.339
MinimumVisualStudioVersion = 10.0.40219.1
Project("{FAE04EC0-301F-11D3-BF4B-00C04F79EFBC}") = "Contactos.Android", "Contactos.Android\Contactos.Android.csproj", "{C430A32D-AF17-494A-A1FF-7B03662B36FC}"
EndProject
Project("{FAE04EC0-301F-11D3-BF4B-00C04F79EFBC}") = "Contactos.iOS", "Contactos.iOS\Contactos.iOS.csproj", "{39A988D6-C637-48F7-90F3-719B1FAFABC9}"
EndProject
Project("{FAE04EC0-301F-11D3-BF4B-00C04F79EFBC}") = "Contactos", "Contactos\Contactos.csproj", "{F3372C0E-6CD9-404A-AFED-AA527F0A9C21}"
EndProject
Global
	GlobalSection(SolutionConfigurationPlatforms) = preSolution
		Debug|Any CPU = Debug|Any CPU
		Debug|iPhone = Debug|iPhone
		Debug|iPhoneSimulator = Debug|iPhoneSimulator
		Release|Any CPU = Release|Any CPU
		Release|iPhone = Release|iPhone
		Release|iPhoneSimulator = Release|iPhoneSimulator
	EndGlobalSection
	GlobalSection(ProjectConfigurationPlatforms) = postSolution
		{C430A32D-AF17-494A-A1FF-7B03662B36FC}.Debug|Any CPU.ActiveCfg = Debug|Any CPU
		{C430A32D-AF17-494A-A1FF-7B03662B36FC}.Debug|Any CPU.Build.0 = Debug|Any CPU
		{C430A32D-AF17-494A-A1FF-7B03662B36FC}.Debug|Any CPU.Deploy.0 = Debug|Any CPU
		{C430A32D-AF17-494A-A1FF-7B03662B36FC}.Debug|iPhone.ActiveCfg = Debug|Any CPU
		{C430A32D-AF17-494A-A1FF-7B03662B36FC}.Debug|iPhone.Build.0 = Debug|Any CPU
		{C430A32D-AF17-494A-A1FF-7B03662B36FC}.Debug|iPhone.Deploy.0 = Debug|Any CPU
		{C430A32D-AF17-494A-A1FF-7B03662B36FC}.Debug|iPhoneSimulator.ActiveCfg = Debug|Any CPU
		{C430A32D-AF17-494A-A1FF-7B03662B36FC}.Debug|iPhoneSimulator.Build.0 = Debug|Any CPU
		{C430A32D-AF17-494A-A1FF-7B03662B36FC}.Debug|iPhoneSimulator.Deploy.0 = Debug|Any CPU
		{C430A32D-AF17-494A-A1FF-7B03662B36FC}.Release|Any CPU.ActiveCfg = Release|Any CPU
		{C430A32D-AF17-494A-A1FF-7B03662B36FC}.Release|Any CPU.Build.0 = Release|Any CPU
		{C430A32D-AF17-494A-A1FF-7B03662B36FC}.Release|Any CPU.Deploy.0 = Release|Any CPU
		{C430A32D-AF17-494A-A1FF-7B03662B36FC}.Release|iPhone.ActiveCfg = Release|Any CPU
		{C430A32D-AF17-494A-A1FF-7B03662B36FC}.Release|iPhone.Build.0 = Release|Any CPU
		{C430A32D-AF17-494A-A1FF-7B03662B36FC}.Release|iPhone.Deploy.0 = Release|Any CPU
		{C430A32D-AF17-494A-A1FF-7B03662B36FC}.Release|iPhoneSimulator.ActiveCfg = Release|Any CPU
		{C430A32D-AF17-494A-A1FF-7B03662B36FC}.Release|iPhoneSimulator.Build.0 = Release|Any CPU
		{C430A32D-AF17-494A-A1FF-7B03662B36FC}.Release|iPhoneSimulator.Deploy.0 = Release|Any CPU
		{39A988D6-C637-48F7-90F3-719B1FAFABC9}.Debug|Any CPU.ActiveCfg = Debug|iPhone
		{39A988D6-C637-48F7-90F3-719B1FAFABC9}.Debug|Any CPU.Build.0 = Debug|iPhone
		{39A988D6-C637-48F7-90F3-719B1FAFABC9}.Debug|Any CPU.Deploy.0 = Debug|iPhone
		{39A988D6-C637-48F7-90F3-719B1FAFABC9}.Debug|iPhone.ActiveCfg = Debug|iPhone
		{39A988D6-C637-48F7-90F3-719B1FAFABC9}.Debug|iPhone.Build.0 = Debug|iPhone
		{39A988D6-C637-48F7-90F3-719B1FAFABC9}.Debug|iPhone.Deploy.0 = Debug|iPhone
		{39A988D6-C637-48F7-90F3-719B1FAFABC9}.Debug|iPhoneSimulator.ActiveCfg = Debug|iPhoneSimulator
		{39A988D6-C637-48F7-90F3-719B1FAFABC9}.Debug|iPhoneSimulator.Build.0 = Debug|iPhoneSimulator
		{39A988D6-C637-48F7-90F3-719B1FAFABC9}.Debug|iPhoneSimulator.Deploy.0 = Debug|iPhoneSimulator
		{39A988D6-C637-48F7-90F3-719B1FAFABC9}.Release|Any CPU.ActiveCfg = Release|iPhoneSimulator
		{39A988D6-C637-48F7-90F3-719B1FAFABC9}.Release|Any CPU.Build.0 = Release|iPhoneSimulator
		{39A988D6-C637-48F7-90F3-719B1FAFABC9}.Release|Any CPU.Deploy.0 = Release|iPhoneSimulator
		{39A988D6-C637-48F7-90F3-719B1FAFABC9}.Release|iPhone.ActiveCfg = Release|iPhone
		{39A988D6-C637-48F7-90F3-719B1FAFABC9}.Release|iPhone.Build.0 = Release|iPhone
		{39A988D6-C637-48F7-90F3-719B1FAFABC9}.Release|iPhone.Deploy.0 = Release|iPhone
		{39A988D6-C637-48F7-90F3-719B1FAFABC9}.Release|iPhoneSimulator.ActiveCfg = Release|iPhoneSimulator
		{39A988D6-C637-48F7-90F3-719B1FAFABC9}.Release|iPhoneSimulator.Build.0 = Release|iPhoneSimulator
		{39A988D6-C637-48F7-90F3-719B1FAFABC9}.Release|iPhoneSimulator.Deploy.0 = Release|iPhoneSimulator
		{F3372C0E-6CD9-404A-AFED-AA527F0A9C21}.Debug|Any CPU.ActiveCfg = Debug|Any CPU
		{F3372C0E-6CD9-404A-AFED-AA527F0A9C21}.Debug|Any CPU.Build.0 = Debug|Any CPU
		{F3372C0E-6CD9-404A-AFED-AA527F0A9C21}.Debug|Any CPU.Deploy.0 = Debug|Any CPU
		{F3372C0E-6CD9-404A-AFED-AA527F0A9C21}.Debug|iPhone.ActiveCfg = Debug|Any CPU
		{F3372C0E-6CD9-404A-AFED-AA527F0A9C21}.Debug|iPhone.Build.0 = Debug|Any CPU
		{F3372C0E-6CD9-404A-AFED-AA527F0A9C21}.Debug|iPhone.Deploy.0 = Debug|Any CPU
		{F3372C0E-6CD9-404A-AFED-AA527F0A9C21}.Debug|iPhoneSimulator.ActiveCfg = Debug|Any CPU
		{F3372C0E-6CD9-404A-AFED-AA527F0A9C21}.Debug|iPhoneSimulator.Build.0 = Debug|Any CPU
		{F3372C0E-6CD9-404A-AFED-AA527F0A9C21}.Debug|iPhoneSimulator.Deploy.0 = Debug|Any CPU
		{F3372C0E-6CD9-404A-AFED-AA527F0A9C21}.Release|Any CPU.ActiveCfg = Release|Any CPU
		{F3372C0E-6CD9-404A-AFED-AA527F0A9C21}.Release|Any CPU.Build.0 = Release|Any CPU
		{F3372C0E-6CD9-404A-AFED-AA527F0A9C21}.Release|Any CPU.Deploy.0 = Release|Any CPU
		{F3372C0E-6CD9-404A-AFED-AA527F0A9C21}.Release|iPhone.ActiveCfg = Release|Any CPU
		{F3372C0E-6CD9-404A-AFED-AA527F0A9C21}.Release|iPhone.Build.0 = Release|Any CPU
		{F3372C0E-6CD9-404A-AFED-AA527F0A9C21}.Release|iPhone.Deploy.0 = Release|Any CPU
		{F3372C0E-6CD9-404A-AFED-AA527F0A9C21}.Release|iPhoneSimulator.ActiveCfg = Release|Any CPU
		{F3372C0E-6CD9-404A-AFED-AA527F0A9C21}.Release|iPhoneSimulator.Build.0 = Release|Any CPU
		{F3372C0E-6CD9-404A-AFED-AA527F0A9C21}.Release|iPhoneSimulator.Deploy.0 = Release|Any CPU
	EndGlobalSection
	GlobalSection(SolutionProperties) = preSolution
		HideSolutionNode = FALSE
	EndGlobalSection
	GlobalSection(ExtensibilityGlobals) = postSolution
		SolutionGuid = {47153CA6-69E4-4B6D-A1BD-3F2F0E018F5A}
	EndGlobalSection
EndGlobal
